
Microsoft Visual Studio Solution File, Format Version 12.00
# Visual Studio Version 17
VisualStudioVersion = 17.11.35222.181
MinimumVisualStudioVersion = 10.0.40219.1
Project("{FAE04EC0-301F-11D3-BF4B-00C04F79EFBC}") = "DUY-SHOP", "DUY-SHOP\DUY-SHOP.csproj", "{B85334F0-A142-437C-B22C-A8F140F4D203}"
EndProject
Global
	GlobalSection(SolutionConfigurationPlatforms) = preSolution
		Debug|Any CPU = Debug|Any CPU
		Release|Any CPU = Release|Any CPU
	EndGlobalSection
	GlobalSection(ProjectConfigurationPlatforms) = postSolution
		{B85334F0-A142-437C-B22C-A8F140F4D203}.Debug|Any CPU.ActiveCfg = Debug|Any CPU
		{B85334F0-A142-437C-B22C-A8F140F4D203}.Debug|Any CPU.Build.0 = Debug|Any CPU
		{B85334F0-A142-437C-B22C-A8F140F4D203}.Release|Any CPU.ActiveCfg = Release|Any CPU
		{B85334F0-A142-437C-B22C-A8F140F4D203}.Release|Any CPU.Build.0 = Release|Any CPU
	EndGlobalSection
	GlobalSection(SolutionProperties) = preSolution
		HideSolutionNode = FALSE
	EndGlobalSection
	GlobalSection(ExtensibilityGlobals) = postSolution
		SolutionGuid = {89FA3DCA-1CE3-4E27-9CA1-C00980CBCB2A}
	EndGlobalSection
EndGlobal
